
Microsoft Visual Studio Solution File, Format Version 12.00
# Visual Studio 14
VisualStudioVersion = 14.0.25420.1
MinimumVisualStudioVersion = 10.0.40219.1
Project("{FAE04EC0-301F-11D3-BF4B-00C04F79EFBC}") = "AnimationPlugin", "AnimationPlugin\AnimationPlugin.csproj", "{AFE883F3-72B4-4C7C-A1D1-44EDC09C8F6E}"
EndProject
Project("{FAE04EC0-301F-11D3-BF4B-00C04F79EFBC}") = "CorePlugin", "CorePlugin\CorePlugin.csproj", "{AB716A38-0C92-46AE-A06D-AEC93092B96F}"
	ProjectSection(ProjectDependencies) = postProject
		{AFE883F3-72B4-4C7C-A1D1-44EDC09C8F6E} = {AFE883F3-72B4-4C7C-A1D1-44EDC09C8F6E}
	EndProjectSection
EndProject
Global
	GlobalSection(SolutionConfigurationPlatforms) = preSolution
		Debug|Any CPU = Debug|Any CPU
		Release|Any CPU = Release|Any CPU
	EndGlobalSection
	GlobalSection(ProjectConfigurationPlatforms) = postSolution
		{AFE883F3-72B4-4C7C-A1D1-44EDC09C8F6E}.Debug|Any CPU.ActiveCfg = Debug|Any CPU
		{AFE883F3-72B4-4C7C-A1D1-44EDC09C8F6E}.Debug|Any CPU.Build.0 = Debug|Any CPU
		{AFE883F3-72B4-4C7C-A1D1-44EDC09C8F6E}.Release|Any CPU.ActiveCfg = Release|Any CPU
		{AFE883F3-72B4-4C7C-A1D1-44EDC09C8F6E}.Release|Any CPU.Build.0 = Release|Any CPU
		{AB716A38-0C92-46AE-A06D-AEC93092B96F}.Debug|Any CPU.ActiveCfg = Debug|Any CPU
		{AB716A38-0C92-46AE-A06D-AEC93092B96F}.Debug|Any CPU.Build.0 = Debug|Any CPU
		{AB716A38-0C92-46AE-A06D-AEC93092B96F}.Release|Any CPU.ActiveCfg = Release|Any CPU
		{AB716A38-0C92-46AE-A06D-AEC93092B96F}.Release|Any CPU.Build.0 = Release|Any CPU
	EndGlobalSection
	GlobalSection(SolutionProperties) = preSolution
		HideSolutionNode = FALSE
	EndGlobalSection
EndGlobal
